
Microsoft Visual Studio Solution File, Format Version 12.00
# Visual Studio Version 16
VisualStudioVersion = 16.0.32802.440
MinimumVisualStudioVersion = 10.0.40219.1
Project("{FAE04EC0-301F-11D3-BF4B-00C04F79EFBC}") = "Zad1_LV", "Zad1_LV\Zad1_LV.csproj", "{C3995028-368F-4E4B-958C-91C45FED017B}"
EndProject
Global
	GlobalSection(SolutionConfigurationPlatforms) = preSolution
		Debug|Any CPU = Debug|Any CPU
		Release|Any CPU = Release|Any CPU
	EndGlobalSection
	GlobalSection(ProjectConfigurationPlatforms) = postSolution
		{C3995028-368F-4E4B-958C-91C45FED017B}.Debug|Any CPU.ActiveCfg = Debug|Any CPU
		{C3995028-368F-4E4B-958C-91C45FED017B}.Debug|Any CPU.Build.0 = Debug|Any CPU
		{C3995028-368F-4E4B-958C-91C45FED017B}.Release|Any CPU.ActiveCfg = Release|Any CPU
		{C3995028-368F-4E4B-958C-91C45FED017B}.Release|Any CPU.Build.0 = Release|Any CPU
	EndGlobalSection
	GlobalSection(SolutionProperties) = preSolution
		HideSolutionNode = FALSE
	EndGlobalSection
	GlobalSection(ExtensibilityGlobals) = postSolution
		SolutionGuid = {ADE99765-D790-4863-9727-475282C69CFF}
	EndGlobalSection
EndGlobal
